// !$*UTF8*$!
{
	archiveVersion = 1;
	classes = {
	};
	objectVersion = 56;
	objects = {

/* Begin PBXBuildFile section */
		361C0AE82A6BACF900BCACDE /* TodoApp.swift in Sources */ = {isa = PBXBuildFile; fileRef = 361C0AE72A6BACF900BCACDE /* TodoApp.swift */; };
		361C0AEA2A6BACF900BCACDE /* ContentView.swift in Sources */ = {isa = PBXBuildFile; fileRef = 361C0AE92A6BACF900BCACDE /* ContentView.swift */; };
		361C0AEC2A6BACFA00BCACDE /* Assets.xcassets in Resources */ = {isa = PBXBuildFile; fileRef = 361C0AEB2A6BACFA00BCACDE /* Assets.xcassets */; };
		361C0AEF2A6BACFA00BCACDE /* Preview Assets.xcassets in Resources */ = {isa = PBXBuildFile; fileRef = 361C0AEE2A6BACFA00BCACDE /* Preview Assets.xcassets */; };
		361C0AF92A6BACFA00BCACDE /* TodoTests.swift in Sources */ = {isa = PBXBuildFile; fileRef = 361C0AF82A6BACFA00BCACDE /* TodoTests.swift */; };
		361C0B032A6BACFA00BCACDE /* TodoUITests.swift in Sources */ = {isa = PBXBuildFile; fileRef = 361C0B022A6BACFA00BCACDE /* TodoUITests.swift */; };
		361C0B052A6BACFA00BCACDE /* TodoUITestsLaunchTests.swift in Sources */ = {isa = PBXBuildFile; fileRef = 361C0B042A6BACFA00BCACDE /* TodoUITestsLaunchTests.swift */; };
		361C0B122A6BAEE300BCACDE /* Todo.swift in Sources */ = {isa = PBXBuildFile; fileRef = 361C0B112A6BAEE300BCACDE /* Todo.swift */; };
		361C0B142A6BC28000BCACDE /* TodoDetailView.swift in Sources */ = {isa = PBXBuildFile; fileRef = 361C0B132A6BC28000BCACDE /* TodoDetailView.swift */; };
		36CBB3342A74EB0A006A2D68 /* NewTodoView.swift in Sources */ = {isa = PBXBuildFile; fileRef = 36CBB3332A74EB0A006A2D68 /* NewTodoView.swift */; };
		36CBB3382A74EEE6006A2D68 /* TodoRowView.swift in Sources */ = {isa = PBXBuildFile; fileRef = 36CBB3372A74EEE6006A2D68 /* TodoRowView.swift */; };
		36CBB33A2A74F9CF006A2D68 /* TodoManager.swift in Sources */ = {isa = PBXBuildFile; fileRef = 36CBB3392A74F9CF006A2D68 /* TodoManager.swift */; };
		36CBB33C2A7501F7006A2D68 /* Todo+Sample.swift in Sources */ = {isa = PBXBuildFile; fileRef = 36CBB33B2A7501F7006A2D68 /* Todo+Sample.swift */; };
/* End PBXBuildFile section */

/* Begin PBXContainerItemProxy section */
		361C0AF52A6BACFA00BCACDE /* PBXContainerItemProxy */ = {
			isa = PBXContainerItemProxy;
			containerPortal = 361C0ADC2A6BACF900BCACDE /* Project object */;
			proxyType = 1;
			remoteGlobalIDString = 361C0AE32A6BACF900BCACDE;
			remoteInfo = Todo;
		};
		361C0AFF2A6BACFA00BCACDE /* PBXContainerItemProxy */ = {
			isa = PBXContainerItemProxy;
			containerPortal = 361C0ADC2A6BACF900BCACDE /* Project object */;
			proxyType = 1;
			remoteGlobalIDString = 361C0AE32A6BACF900BCACDE;
			remoteInfo = Todo;
		};
/* End PBXContainerItemProxy section */

/* Begin PBXFileReference section */
		361C0AE42A6BACF900BCACDE /* Todo.app */ = {isa = PBXFileReference; explicitFileType = wrapper.application; includeInIndex = 0; path = Todo.app; sourceTree = BUILT_PRODUCTS_DIR; };
		361C0AE72A6BACF900BCACDE /* TodoApp.swift */ = {isa = PBXFileReference; lastKnownFileType = sourcecode.swift; path = TodoApp.swift; sourceTree = "<group>"; };
		361C0AE92A6BACF900BCACDE /* ContentView.swift */ = {isa = PBXFileReference; lastKnownFileType = sourcecode.swift; path = ContentView.swift; sourceTree = "<group>"; };
		361C0AEB2A6BACFA00BCACDE /* Assets.xcassets */ = {isa = PBXFileReference; lastKnownFileType = folder.assetcatalog; path = Assets.xcassets; sourceTree = "<group>"; };
		361C0AEE2A6BACFA00BCACDE /* Preview Assets.xcassets */ = {isa = PBXFileReference; lastKnownFileType = folder.assetcatalog; path = "Preview Assets.xcassets"; sourceTree = "<group>"; };
		361C0AF42A6BACFA00BCACDE /* TodoTests.xctest */ = {isa = PBXFileReference; explicitFileType = wrapper.cfbundle; includeInIndex = 0; path = TodoTests.xctest; sourceTree = BUILT_PRODUCTS_DIR; };
		361C0AF82A6BACFA00BCACDE /* TodoTests.swift */ = {isa = PBXFileReference; lastKnownFileType = sourcecode.swift; path = TodoTests.swift; sourceTree = "<group>"; };
		361C0AFE2A6BACFA00BCACDE /* TodoUITests.xctest */ = {isa = PBXFileReference; explicitFileType = wrapper.cfbundle; includeInIndex = 0; path = TodoUITests.xctest; sourceTree = BUILT_PRODUCTS_DIR; };
		361C0B022A6BACFA00BCACDE /* TodoUITests.swift */ = {isa = PBXFileReference; lastKnownFileType = sourcecode.swift; path = TodoUITests.swift; sourceTree = "<group>"; };
		361C0B042A6BACFA00BCACDE /* TodoUITestsLaunchTests.swift */ = {isa = PBXFileReference; lastKnownFileType = sourcecode.swift; path = TodoUITestsLaunchTests.swift; sourceTree = "<group>"; };
		361C0B112A6BAEE300BCACDE /* Todo.swift */ = {isa = PBXFileReference; lastKnownFileType = sourcecode.swift; path = Todo.swift; sourceTree = "<group>"; };
		361C0B132A6BC28000BCACDE /* TodoDetailView.swift */ = {isa = PBXFileReference; lastKnownFileType = sourcecode.swift; path = TodoDetailView.swift; sourceTree = "<group>"; };
		36CBB3332A74EB0A006A2D68 /* NewTodoView.swift */ = {isa = PBXFileReference; lastKnownFileType = sourcecode.swift; path = NewTodoView.swift; sourceTree = "<group>"; };
		36CBB3372A74EEE6006A2D68 /* TodoRowView.swift */ = {isa = PBXFileReference; lastKnownFileType = sourcecode.swift; path = TodoRowView.swift; sourceTree = "<group>"; };
		36CBB3392A74F9CF006A2D68 /* TodoManager.swift */ = {isa = PBXFileReference; lastKnownFileType = sourcecode.swift; path = TodoManager.swift; sourceTree = "<group>"; };
		36CBB33B2A7501F7006A2D68 /* Todo+Sample.swift */ = {isa = PBXFileReference; lastKnownFileType = sourcecode.swift; path = "Todo+Sample.swift"; sourceTree = "<group>"; };
/* End PBXFileReference section */

/* Begin PBXFrameworksBuildPhase section */
		361C0AE12A6BACF900BCACDE /* Frameworks */ = {
			isa = PBXFrameworksBuildPhase;
			buildActionMask = 2147483647;
			files = (
			);
			runOnlyForDeploymentPostprocessing = 0;
		};
		361C0AF12A6BACFA00BCACDE /* Frameworks */ = {
			isa = PBXFrameworksBuildPhase;
			buildActionMask = 2147483647;
			files = (
			);
			runOnlyForDeploymentPostprocessing = 0;
		};
		361C0AFB2A6BACFA00BCACDE /* Frameworks */ = {
			isa = PBXFrameworksBuildPhase;
			buildActionMask = 2147483647;
			files = (
			);
			runOnlyForDeploymentPostprocessing = 0;
		};
/* End PBXFrameworksBuildPhase section */

/* Begin PBXGroup section */
		361C0ADB2A6BACF900BCACDE = {
			isa = PBXGroup;
			children = (
				361C0AE62A6BACF900BCACDE /* Todo */,
				361C0AF72A6BACFA00BCACDE /* TodoTests */,
				361C0B012A6BACFA00BCACDE /* TodoUITests */,
				361C0AE52A6BACF900BCACDE /* Products */,
			);
			sourceTree = "<group>";
		};
		361C0AE52A6BACF900BCACDE /* Products */ = {
			isa = PBXGroup;
			children = (
				361C0AE42A6BACF900BCACDE /* Todo.app */,
				361C0AF42A6BACFA00BCACDE /* TodoTests.xctest */,
				361C0AFE2A6BACFA00BCACDE /* TodoUITests.xctest */,
			);
			name = Products;
			sourceTree = "<group>";
		};
		361C0AE62A6BACF900BCACDE /* Todo */ = {
			isa = PBXGroup;
			children = (
				36CBB3352A74EB5E006A2D68 /* Model and ViewModel */,
				361C0AEB2A6BACFA00BCACDE /* Assets.xcassets */,
				361C0AED2A6BACFA00BCACDE /* Preview Content */,
			);
			path = Todo;
			sourceTree = "<group>";
		};
		361C0AED2A6BACFA00BCACDE /* Preview Content */ = {
			isa = PBXGroup;
			children = (
				361C0AEE2A6BACFA00BCACDE /* Preview Assets.xcassets */,
			);
			path = "Preview Content";
			sourceTree = "<group>";
		};
		361C0AF72A6BACFA00BCACDE /* TodoTests */ = {
			isa = PBXGroup;
			children = (
				361C0AF82A6BACFA00BCACDE /* TodoTests.swift */,
			);
			path = TodoTests;
			sourceTree = "<group>";
		};
		361C0B012A6BACFA00BCACDE /* TodoUITests */ = {
			isa = PBXGroup;
			children = (
				361C0B022A6BACFA00BCACDE /* TodoUITests.swift */,
				361C0B042A6BACFA00BCACDE /* TodoUITestsLaunchTests.swift */,
			);
			path = TodoUITests;
			sourceTree = "<group>";
		};
		36CBB3352A74EB5E006A2D68 /* Model and ViewModel */ = {
			isa = PBXGroup;
			children = (
				36CBB33B2A7501F7006A2D68 /* Todo+Sample.swift */,
				36CBB3392A74F9CF006A2D68 /* TodoManager.swift */,
				361C0AE72A6BACF900BCACDE /* TodoApp.swift */,
				361C0B112A6BAEE300BCACDE /* Todo.swift */,
				36CBB3362A74EC1A006A2D68 /* Views */,
			);
			path = "Model and ViewModel";
			sourceTree = "<group>";
		};
		36CBB3362A74EC1A006A2D68 /* Views */ = {
			isa = PBXGroup;
			children = (
				361C0AE92A6BACF900BCACDE /* ContentView.swift */,
				36CBB3372A74EEE6006A2D68 /* TodoRowView.swift */,
				36CBB3332A74EB0A006A2D68 /* NewTodoView.swift */,
				361C0B132A6BC28000BCACDE /* TodoDetailView.swift */,
			);
			path = Views;
			sourceTree = "<group>";
		};
/* End PBXGroup section */

/* Begin PBXNativeTarget section */
		361C0AE32A6BACF900BCACDE /* Todo */ = {
			isa = PBXNativeTarget;
			buildConfigurationList = 361C0B082A6BACFA00BCACDE /* Build configuration list for PBXNativeTarget "Todo" */;
			buildPhases = (
				361C0AE02A6BACF900BCACDE /* Sources */,
				361C0AE12A6BACF900BCACDE /* Frameworks */,
				361C0AE22A6BACF900BCACDE /* Resources */,
			);
			buildRules = (
			);
			dependencies = (
			);
			name = Todo;
			productName = Todo;
			productReference = 361C0AE42A6BACF900BCACDE /* Todo.app */;
			productType = "com.apple.product-type.application";
		};
		361C0AF32A6BACFA00BCACDE /* TodoTests */ = {
			isa = PBXNativeTarget;
			buildConfigurationList = 361C0B0B2A6BACFA00BCACDE /* Build configuration list for PBXNativeTarget "TodoTests" */;
			buildPhases = (
				361C0AF02A6BACFA00BCACDE /* Sources */,
				361C0AF12A6BACFA00BCACDE /* Frameworks */,
				361C0AF22A6BACFA00BCACDE /* Resources */,
			);
			buildRules = (
			);
			dependencies = (
				361C0AF62A6BACFA00BCACDE /* PBXTargetDependency */,
			);
			name = TodoTests;
			productName = TodoTests;
			productReference = 361C0AF42A6BACFA00BCACDE /* TodoTests.xctest */;
			productType = "com.apple.product-type.bundle.unit-test";
		};
		361C0AFD2A6BACFA00BCACDE /* TodoUITests */ = {
			isa = PBXNativeTarget;
			buildConfigurationList = 361C0B0E2A6BACFA00BCACDE /* Build configuration list for PBXNativeTarget "TodoUITests" */;
			buildPhases = (
				361C0AFA2A6BACFA00BCACDE /* Sources */,
				361C0AFB2A6BACFA00BCACDE /* Frameworks */,
				361C0AFC2A6BACFA00BCACDE /* Resources */,
			);
			buildRules = (
			);
			dependencies = (
				361C0B002A6BACFA00BCACDE /* PBXTargetDependency */,
			);
			name = TodoUITests;
			productName = TodoUITests;
			productReference = 361C0AFE2A6BACFA00BCACDE /* TodoUITests.xctest */;
			productType = "com.apple.product-type.bundle.ui-testing";
		};
/* End PBXNativeTarget section */

/* Begin PBXProject section */
		361C0ADC2A6BACF900BCACDE /* Project object */ = {
			isa = PBXProject;
			attributes = {
				BuildIndependentTargetsInParallel = 1;
				LastSwiftUpdateCheck = 1430;
				LastUpgradeCheck = 1430;
				TargetAttributes = {
					361C0AE32A6BACF900BCACDE = {
						CreatedOnToolsVersion = 14.3;
					};
					361C0AF32A6BACFA00BCACDE = {
						CreatedOnToolsVersion = 14.3;
						TestTargetID = 361C0AE32A6BACF900BCACDE;
					};
					361C0AFD2A6BACFA00BCACDE = {
						CreatedOnToolsVersion = 14.3;
						TestTargetID = 361C0AE32A6BACF900BCACDE;
					};
				};
			};
			buildConfigurationList = 361C0ADF2A6BACF900BCACDE /* Build configuration list for PBXProject "Todo" */;
			compatibilityVersion = "Xcode 14.0";
			developmentRegion = en;
			hasScannedForEncodings = 0;
			knownRegions = (
				en,
				Base,
			);
			mainGroup = 361C0ADB2A6BACF900BCACDE;
			productRefGroup = 361C0AE52A6BACF900BCACDE /* Products */;
			projectDirPath = "";
			projectRoot = "";
			targets = (
				361C0AE32A6BACF900BCACDE /* Todo */,
				361C0AF32A6BACFA00BCACDE /* TodoTests */,
				361C0AFD2A6BACFA00BCACDE /* TodoUITests */,
			);
		};
/* End PBXProject section */

/* Begin PBXResourcesBuildPhase section */
		361C0AE22A6BACF900BCACDE /* Resources */ = {
			isa = PBXResourcesBuildPhase;
			buildActionMask = 2147483647;
			files = (
				361C0AEF2A6BACFA00BCACDE /* Preview Assets.xcassets in Resources */,
				361C0AEC2A6BACFA00BCACDE /* Assets.xcassets in Resources */,
			);
			runOnlyForDeploymentPostprocessing = 0;
		};
		361C0AF22A6BACFA00BCACDE /* Resources */ = {
			isa = PBXResourcesBuildPhase;
			buildActionMask = 2147483647;
			files = (
			);
			runOnlyForDeploymentPostprocessing = 0;
		};
		361C0AFC2A6BACFA00BCACDE /* Resources */ = {
			isa = PBXResourcesBuildPhase;
			buildActionMask = 2147483647;
			files = (
			);
			runOnlyForDeploymentPostprocessing = 0;
		};
/* End PBXResourcesBuildPhase section */

/* Begin PBXSourcesBuildPhase section */
		361C0AE02A6BACF900BCACDE /* Sources */ = {
			isa = PBXSourcesBuildPhase;
			buildActionMask = 2147483647;
			files = (
				361C0AEA2A6BACF900BCACDE /* ContentView.swift in Sources */,
				36CBB3382A74EEE6006A2D68 /* TodoRowView.swift in Sources */,
				361C0B122A6BAEE300BCACDE /* Todo.swift in Sources */,
				361C0AE82A6BACF900BCACDE /* TodoApp.swift in Sources */,
				36CBB3342A74EB0A006A2D68 /* NewTodoView.swift in Sources */,
				361C0B142A6BC28000BCACDE /* TodoDetailView.swift in Sources */,
				36CBB33A2A74F9CF006A2D68 /* TodoManager.swift in Sources */,
				36CBB33C2A7501F7006A2D68 /* Todo+Sample.swift in Sources */,
			);
			runOnlyForDeploymentPostprocessing = 0;
		};
		361C0AF02A6BACFA00BCACDE /* Sources */ = {
			isa = PBXSourcesBuildPhase;
			buildActionMask = 2147483647;
			files = (
				361C0AF92A6BACFA00BCACDE /* TodoTests.swift in Sources */,
			);
			runOnlyForDeploymentPostprocessing = 0;
		};
		361C0AFA2A6BACFA00BCACDE /* Sources */ = {
			isa = PBXSourcesBuildPhase;
			buildActionMask = 2147483647;
			files = (
				361C0B052A6BACFA00BCACDE /* TodoUITestsLaunchTests.swift in Sources */,
				361C0B032A6BACFA00BCACDE /* TodoUITests.swift in Sources */,
			);
			runOnlyForDeploymentPostprocessing = 0;
		};
/* End PBXSourcesBuildPhase section */

/* Begin PBXTargetDependency section */
		361C0AF62A6BACFA00BCACDE /* PBXTargetDependency */ = {
			isa = PBXTargetDependency;
			target = 361C0AE32A6BACF900BCACDE /* Todo */;
			targetProxy = 361C0AF52A6BACFA00BCACDE /* PBXContainerItemProxy */;
		};
		361C0B002A6BACFA00BCACDE /* PBXTargetDependency */ = {
			isa = PBXTargetDependency;
			target = 361C0AE32A6BACF900BCACDE /* Todo */;
			targetProxy = 361C0AFF2A6BACFA00BCACDE /* PBXContainerItemProxy */;
		};
/* End PBXTargetDependency section */

/* Begin XCBuildConfiguration section */
		361C0B062A6BACFA00BCACDE /* Debug */ = {
			isa = XCBuildConfiguration;
			buildSettings = {
				ALWAYS_SEARCH_USER_PATHS = NO;
				CLANG_ANALYZER_NONNULL = YES;
				CLANG_ANALYZER_NUMBER_OBJECT_CONVERSION = YES_AGGRESSIVE;
				CLANG_CXX_LANGUAGE_STANDARD = "gnu++20";
				CLANG_ENABLE_MODULES = YES;
				CLANG_ENABLE_OBJC_ARC = YES;
				CLANG_ENABLE_OBJC_WEAK = YES;
				CLANG_WARN_BLOCK_CAPTURE_AUTORELEASING = YES;
				CLANG_WARN_BOOL_CONVERSION = YES;
				CLANG_WARN_COMMA = YES;
				CLANG_WARN_CONSTANT_CONVERSION = YES;
				CLANG_WARN_DEPRECATED_OBJC_IMPLEMENTATIONS = YES;
				CLANG_WARN_DIRECT_OBJC_ISA_USAGE = YES_ERROR;
				CLANG_WARN_DOCUMENTATION_COMMENTS = YES;
				CLANG_WARN_EMPTY_BODY = YES;
				CLANG_WARN_ENUM_CONVERSION = YES;
				CLANG_WARN_INFINITE_RECURSION = YES;
				CLANG_WARN_INT_CONVERSION = YES;
				CLANG_WARN_NON_LITERAL_NULL_CONVERSION = YES;
				CLANG_WARN_OBJC_IMPLICIT_RETAIN_SELF = YES;
				CLANG_WARN_OBJC_LITERAL_CONVERSION = YES;
				CLANG_WARN_OBJC_ROOT_CLASS = YES_ERROR;
				CLANG_WARN_QUOTED_INCLUDE_IN_FRAMEWORK_HEADER = YES;
				CLANG_WARN_RANGE_LOOP_ANALYSIS = YES;
				CLANG_WARN_STRICT_PROTOTYPES = YES;
				CLANG_WARN_SUSPICIOUS_MOVE = YES;
				CLANG_WARN_UNGUARDED_AVAILABILITY = YES_AGGRESSIVE;
				CLANG_WARN_UNREACHABLE_CODE = YES;
				CLANG_WARN__DUPLICATE_METHOD_MATCH = YES;
				COPY_PHASE_STRIP = NO;
				DEBUG_INFORMATION_FORMAT = dwarf;
				ENABLE_STRICT_OBJC_MSGSEND = YES;
				ENABLE_TESTABILITY = YES;
				GCC_C_LANGUAGE_STANDARD = gnu11;
				GCC_DYNAMIC_NO_PIC = NO;
				GCC_NO_COMMON_BLOCKS = YES;
				GCC_OPTIMIZATION_LEVEL = 0;
				GCC_PREPROCESSOR_DEFINITIONS = (
					"DEBUG=1",
					"$(inherited)",
				);
				GCC_WARN_64_TO_32_BIT_CONVERSION = YES;
				GCC_WARN_ABOUT_RETURN_TYPE = YES_ERROR;
				GCC_WARN_UNDECLARED_SELECTOR = YES;
				GCC_WARN_UNINITIALIZED_AUTOS = YES_AGGRESSIVE;
				GCC_WARN_UNUSED_FUNCTION = YES;
				GCC_WARN_UNUSED_VARIABLE = YES;
				IPHONEOS_DEPLOYMENT_TARGET = 16.4;
				MTL_ENABLE_DEBUG_INFO = INCLUDE_SOURCE;
				MTL_FAST_MATH = YES;
				ONLY_ACTIVE_ARCH = YES;
				SDKROOT = iphoneos;
				SWIFT_ACTIVE_COMPILATION_CONDITIONS = DEBUG;
				SWIFT_OPTIMIZATION_LEVEL = "-Onone";
			};
			name = Debug;
		};
		361C0B072A6BACFA00BCACDE /* Release */ = {
			isa = XCBuildConfiguration;
			buildSettings = {
				ALWAYS_SEARCH_USER_PATHS = NO;
				CLANG_ANALYZER_NONNULL = YES;
				CLANG_ANALYZER_NUMBER_OBJECT_CONVERSION = YES_AGGRESSIVE;
				CLANG_CXX_LANGUAGE_STANDARD = "gnu++20";
				CLANG_ENABLE_MODULES = YES;
				CLANG_ENABLE_OBJC_ARC = YES;
				CLANG_ENABLE_OBJC_WEAK = YES;
				CLANG_WARN_BLOCK_CAPTURE_AUTORELEASING = YES;
				CLANG_WARN_BOOL_CONVERSION = YES;
				CLANG_WARN_COMMA = YES;
				CLANG_WARN_CONSTANT_CONVERSION = YES;
				CLANG_WARN_DEPRECATED_OBJC_IMPLEMENTATIONS = YES;
				CLANG_WARN_DIRECT_OBJC_ISA_USAGE = YES_ERROR;
				CLANG_WARN_DOCUMENTATION_COMMENTS = YES;
				CLANG_WARN_EMPTY_BODY = YES;
				CLANG_WARN_ENUM_CONVERSION = YES;
				CLANG_WARN_INFINITE_RECURSION = YES;
				CLANG_WARN_INT_CONVERSION = YES;
				CLANG_WARN_NON_LITERAL_NULL_CONVERSION = YES;
				CLANG_WARN_OBJC_IMPLICIT_RETAIN_SELF = YES;
				CLANG_WARN_OBJC_LITERAL_CONVERSION = YES;
				CLANG_WARN_OBJC_ROOT_CLASS = YES_ERROR;
				CLANG_WARN_QUOTED_INCLUDE_IN_FRAMEWORK_HEADER = YES;
				CLANG_WARN_RANGE_LOOP_ANALYSIS = YES;
				CLANG_WARN_STRICT_PROTOTYPES = YES;
				CLANG_WARN_SUSPICIOUS_MOVE = YES;
				CLANG_WARN_UNGUARDED_AVAILABILITY = YES_AGGRESSIVE;
				CLANG_WARN_UNREACHABLE_CODE = YES;
				CLANG_WARN__DUPLICATE_METHOD_MATCH = YES;
				COPY_PHASE_STRIP = NO;
				DEBUG_INFORMATION_FORMAT = "dwarf-with-dsym";
				ENABLE_NS_ASSERTIONS = NO;
				ENABLE_STRICT_OBJC_MSGSEND = YES;
				GCC_C_LANGUAGE_STANDARD = gnu11;
				GCC_NO_COMMON_BLOCKS = YES;
				GCC_WARN_64_TO_32_BIT_CONVERSION = YES;
				GCC_WARN_ABOUT_RETURN_TYPE = YES_ERROR;
				GCC_WARN_UNDECLARED_SELECTOR = YES;
				GCC_WARN_UNINITIALIZED_AUTOS = YES_AGGRESSIVE;
				GCC_WARN_UNUSED_FUNCTION = YES;
				GCC_WARN_UNUSED_VARIABLE = YES;
				IPHONEOS_DEPLOYMENT_TARGET = 16.4;
				MTL_ENABLE_DEBUG_INFO = NO;
				MTL_FAST_MATH = YES;
				SDKROOT = iphoneos;
				SWIFT_COMPILATION_MODE = wholemodule;
				SWIFT_OPTIMIZATION_LEVEL = "-O";
				VALIDATE_PRODUCT = YES;
			};
			name = Release;
		};
		361C0B092A6BACFA00BCACDE /* Debug */ = {
			isa = XCBuildConfiguration;
			buildSettings = {
				ASSETCATALOG_COMPILER_APPICON_NAME = AppIcon;
				ASSETCATALOG_COMPILER_GLOBAL_ACCENT_COLOR_NAME = AccentColor;
				CODE_SIGN_STYLE = Automatic;
				CURRENT_PROJECT_VERSION = 1;
				DEVELOPMENT_ASSET_PATHS = "\"Todo/Preview Content\"";
				ENABLE_PREVIEWS = YES;
				GENERATE_INFOPLIST_FILE = YES;
				INFOPLIST_KEY_UIApplicationSceneManifest_Generation = YES;
				INFOPLIST_KEY_UIApplicationSupportsIndirectInputEvents = YES;
				INFOPLIST_KEY_UILaunchScreen_Generation = YES;
				INFOPLIST_KEY_UISupportedInterfaceOrientations_iPad = "UIInterfaceOrientationPortrait UIInterfaceOrientationPortraitUpsideDown UIInterfaceOrientationLandscapeLeft UIInterfaceOrientationLandscapeRight";
				INFOPLIST_KEY_UISupportedInterfaceOrientations_iPhone = "UIInterfaceOrientationPortrait UIInterfaceOrientationLandscapeLeft UIInterfaceOrientationLandscapeRight";
				LD_RUNPATH_SEARCH_PATHS = (
					"$(inherited)",
					"@executable_path/Frameworks",
				);
				MARKETING_VERSION = 1.0;
				PRODUCT_BUNDLE_IDENTIFIER = Aiz.Todo;
				PRODUCT_NAME = "$(TARGET_NAME)";
				SWIFT_EMIT_LOC_STRINGS = YES;
				SWIFT_VERSION = 5.0;
				TARGETED_DEVICE_FAMILY = "1,2";
			};
			name = Debug;
		};
		361C0B0A2A6BACFA00BCACDE /* Release */ = {
			isa = XCBuildConfiguration;
			buildSettings = {
				ASSETCATALOG_COMPILER_APPICON_NAME = AppIcon;
				ASSETCATALOG_COMPILER_GLOBAL_ACCENT_COLOR_NAME = AccentColor;
				CODE_SIGN_STYLE = Automatic;
				CURRENT_PROJECT_VERSION = 1;
				DEVELOPMENT_ASSET_PATHS = "\"Todo/Preview Content\"";
				ENABLE_PREVIEWS = YES;
				GENERATE_INFOPLIST_FILE = YES;
				INFOPLIST_KEY_UIApplicationSceneManifest_Generation = YES;
				INFOPLIST_KEY_UIApplicationSupportsIndirectInputEvents = YES;
				INFOPLIST_KEY_UILaunchScreen_Generation = YES;
				INFOPLIST_KEY_UISupportedInterfaceOrientations_iPad = "UIInterfaceOrientationPortrait UIInterfaceOrientationPortraitUpsideDown UIInterfaceOrientationLandscapeLeft UIInterfaceOrientationLandscapeRight";
				INFOPLIST_KEY_UISupportedInterfaceOrientations_iPhone = "UIInterfaceOrientationPortrait UIInterfaceOrientationLandscapeLeft UIInterfaceOrientationLandscapeRight";
				LD_RUNPATH_SEARCH_PATHS = (
					"$(inherited)",
					"@executable_path/Frameworks",
				);
				MARKETING_VERSION = 1.0;
				PRODUCT_BUNDLE_IDENTIFIER = Aiz.Todo;
				PRODUCT_NAME = "$(TARGET_NAME)";
				SWIFT_EMIT_LOC_STRINGS = YES;
				SWIFT_VERSION = 5.0;
				TARGETED_DEVICE_FAMILY = "1,2";
			};
			name = Release;
		};
		361C0B0C2A6BACFA00BCACDE /* Debug */ = {
			isa = XCBuildConfiguration;
			buildSettings = {
				ALWAYS_EMBED_SWIFT_STANDARD_LIBRARIES = YES;
				BUNDLE_LOADER = "$(TEST_HOST)";
				CODE_SIGN_STYLE = Automatic;
				CURRENT_PROJECT_VERSION = 1;
				GENERATE_INFOPLIST_FILE = YES;
				IPHONEOS_DEPLOYMENT_TARGET = 16.4;
				MARKETING_VERSION = 1.0;
				PRODUCT_BUNDLE_IDENTIFIER = Aiz.TodoTests;
				PRODUCT_NAME = "$(TARGET_NAME)";
				SWIFT_EMIT_LOC_STRINGS = NO;
				SWIFT_VERSION = 5.0;
				TARGETED_DEVICE_FAMILY = "1,2";
				TEST_HOST = "$(BUILT_PRODUCTS_DIR)/Todo.app/$(BUNDLE_EXECUTABLE_FOLDER_PATH)/Todo";
			};
			name = Debug;
		};
		361C0B0D2A6BACFA00BCACDE /* Release */ = {
			isa = XCBuildConfiguration;
			buildSettings = {
				ALWAYS_EMBED_SWIFT_STANDARD_LIBRARIES = YES;
				BUNDLE_LOADER = "$(TEST_HOST)";
				CODE_SIGN_STYLE = Automatic;
				CURRENT_PROJECT_VERSION = 1;
				GENERATE_INFOPLIST_FILE = YES;
				IPHONEOS_DEPLOYMENT_TARGET = 16.4;
				MARKETING_VERSION = 1.0;
				PRODUCT_BUNDLE_IDENTIFIER = Aiz.TodoTests;
				PRODUCT_NAME = "$(TARGET_NAME)";
				SWIFT_EMIT_LOC_STRINGS = NO;
				SWIFT_VERSION = 5.0;
				TARGETED_DEVICE_FAMILY = "1,2";
				TEST_HOST = "$(BUILT_PRODUCTS_DIR)/Todo.app/$(BUNDLE_EXECUTABLE_FOLDER_PATH)/Todo";
			};
			name = Release;
		};
		361C0B0F2A6BACFA00BCACDE /* Debug */ = {
			isa = XCBuildConfiguration;
			buildSettings = {
				ALWAYS_EMBED_SWIFT_STANDARD_LIBRARIES = YES;
				CODE_SIGN_STYLE = Automatic;
				CURRENT_PROJECT_VERSION = 1;
				GENERATE_INFOPLIST_FILE = YES;
				MARKETING_VERSION = 1.0;
				PRODUCT_BUNDLE_IDENTIFIER = Aiz.TodoUITests;
				PRODUCT_NAME = "$(TARGET_NAME)";
				SWIFT_EMIT_LOC_STRINGS = NO;
				SWIFT_VERSION = 5.0;
				TARGETED_DEVICE_FAMILY = "1,2";
				TEST_TARGET_NAME = Todo;
			};
			name = Debug;
		};
		361C0B102A6BACFA00BCACDE /* Release */ = {
			isa = XCBuildConfiguration;
			buildSettings = {
				ALWAYS_EMBED_SWIFT_STANDARD_LIBRARIES = YES;
				CODE_SIGN_STYLE = Automatic;
				CURRENT_PROJECT_VERSION = 1;
				GENERATE_INFOPLIST_FILE = YES;
				MARKETING_VERSION = 1.0;
				PRODUCT_BUNDLE_IDENTIFIER = Aiz.TodoUITests;
				PRODUCT_NAME = "$(TARGET_NAME)";
				SWIFT_EMIT_LOC_STRINGS = NO;
				SWIFT_VERSION = 5.0;
				TARGETED_DEVICE_FAMILY = "1,2";
				TEST_TARGET_NAME = Todo;
			};
			name = Release;
		};
/* End XCBuildConfiguration section */

/* Begin XCConfigurationList section */
		361C0ADF2A6BACF900BCACDE /* Build configuration list for PBXProject "Todo" */ = {
			isa = XCConfigurationList;
			buildConfigurations = (
				361C0B062A6BACFA00BCACDE /* Debug */,
				361C0B072A6BACFA00BCACDE /* Release */,
			);
			defaultConfigurationIsVisible = 0;
			defaultConfigurationName = Release;
		};
		361C0B082A6BACFA00BCACDE /* Build configuration list for PBXNativeTarget "Todo" */ = {
			isa = XCConfigurationList;
			buildConfigurations = (
				361C0B092A6BACFA00BCACDE /* Debug */,
				361C0B0A2A6BACFA00BCACDE /* Release */,
			);
			defaultConfigurationIsVisible = 0;
			defaultConfigurationName = Release;
		};
		361C0B0B2A6BACFA00BCACDE /* Build configuration list for PBXNativeTarget "TodoTests" */ = {
			isa = XCConfigurationList;
			buildConfigurations = (
				361C0B0C2A6BACFA00BCACDE /* Debug */,
				361C0B0D2A6BACFA00BCACDE /* Release */,
			);
			defaultConfigurationIsVisible = 0;
			defaultConfigurationName = Release;
		};
		361C0B0E2A6BACFA00BCACDE /* Build configuration list for PBXNativeTarget "TodoUITests" */ = {
			isa = XCConfigurationList;
			buildConfigurations = (
				361C0B0F2A6BACFA00BCACDE /* Debug */,
				361C0B102A6BACFA00BCACDE /* Release */,
			);
			defaultConfigurationIsVisible = 0;
			defaultConfigurationName = Release;
		};
/* End XCConfigurationList section */
	};
	rootObject = 361C0ADC2A6BACF900BCACDE /* Project object */;
}
